{
  "name": "@clarion-app/wizlight-frontend",
  "version": "1.2.0",
  "lockfileVersion": 2,
  "requires": true,
  "packages": {
    "": {
      "name": "@clarion-app/wizlight-frontend",
      "version": "1.2.0",
      "license": "MIT",
      "dependencies": {
        "@babel/runtime": "^7.24.8",
        "@clarion-app/types": "^2.0.0",
        "@reduxjs/toolkit": "^2.2.6",
        "@uiw/react-color-wheel": "^2.3.0",
        "react": "^18.3.1",
        "react-redux": "^9.1.2",
        "react-router-dom": "^6.24.1",
        "typescript": "^5.4.5"
      },
      "devDependencies": {
        "@types/react": "^18.3.2"
      }
    },
    "node_modules/@babel/runtime": {
      "version": "7.24.8",
      "resolved": "https://registry.npmjs.org/@babel/runtime/-/runtime-7.24.8.tgz",
      "integrity": "sha512-5F7SDGs1T72ZczbRwbGO9lQi0NLjQxzl6i4lJxLxfW9U5UluCSyEJeniWvnhl3/euNiqQVbo8zruhsDfid0esA==",
      "dependencies": {
        "regenerator-runtime": "^0.14.0"
      },
      "engines": {
        "node": ">=6.9.0"
      }
    },
    "node_modules/@clarion-app/types": {
      "version": "2.0.0",
      "resolved": "https://registry.npmjs.org/@clarion-app/types/-/types-2.0.0.tgz",
      "integrity": "sha512-UbRNZj5aEuCLK0+1jgcN3Y/uVW45qzjyj+hg+oDLBDwcz8rLfykokhXar5sD3KeVFUDK803ePpjbIfE9eWjotA==",
      "license": "MIT",
      "dependencies": {
        "laravel-echo": "^2.1.4",
        "pusher-js": "^8.4.0"
      }
    },
    "node_modules/@reduxjs/toolkit": {
      "version": "2.2.6",
      "resolved": "https://registry.npmjs.org/@reduxjs/toolkit/-/toolkit-2.2.6.tgz",
      "integrity": "sha512-kH0r495c5z1t0g796eDQAkYbEQ3a1OLYN9o8jQQVZyKyw367pfRGS+qZLkHYvFHiUUdafpoSlQ2QYObIApjPWA==",
      "dependencies": {
        "immer": "^10.0.3",
        "redux": "^5.0.1",
        "redux-thunk": "^3.1.0",
        "reselect": "^5.1.0"
      },
      "peerDependencies": {
        "react": "^16.9.0 || ^17.0.0 || ^18",
        "react-redux": "^7.2.1 || ^8.1.3 || ^9.0.0"
      },
      "peerDependenciesMeta": {
        "react": {
          "optional": true
        },
        "react-redux": {
          "optional": true
        }
      }
    },
    "node_modules/@remix-run/router": {
      "version": "1.17.1",
      "resolved": "https://registry.npmjs.org/@remix-run/router/-/router-1.17.1.tgz",
      "integrity": "sha512-mCOMec4BKd6BRGBZeSnGiIgwsbLGp3yhVqAD8H+PxiRNEHgDpZb8J1TnrSDlg97t0ySKMQJTHCWBCmBpSmkF6Q==",
      "engines": {
        "node": ">=14.0.0"
      }
    },
    "node_modules/@socket.io/component-emitter": {
      "version": "3.1.2",
      "resolved": "https://registry.npmjs.org/@socket.io/component-emitter/-/component-emitter-3.1.2.tgz",
      "integrity": "sha512-9BCxFwvbGg/RsZK9tjXd8s4UcwR0MWeFQ1XEKIQVVvAGJyINdrqKMcTRyLoK8Rse1GjzLV9cwjWV1olXRWEXVA==",
      "license": "MIT",
      "peer": true
    },
    "node_modules/@types/prop-types": {
      "version": "15.7.12",
      "resolved": "https://registry.npmjs.org/@types/prop-types/-/prop-types-15.7.12.tgz",
      "integrity": "sha512-5zvhXYtRNRluoE/jAp4GVsSduVUzNWKkOZrCDBWYtE7biZywwdC2AcEzg+cSMLFRfVgeAFqpfNabiPjxFddV1Q==",
      "devOptional": true
    },
    "node_modules/@types/react": {
      "version": "18.3.2",
      "resolved": "https://registry.npmjs.org/@types/react/-/react-18.3.2.tgz",
      "integrity": "sha512-Btgg89dAnqD4vV7R3hlwOxgqobUQKgx3MmrQRi0yYbs/P0ym8XozIAlkqVilPqHQwXs4e9Tf63rrCgl58BcO4w==",
      "devOptional": true,
      "dependencies": {
        "@types/prop-types": "*",
        "csstype": "^3.0.2"
      }
    },
    "node_modules/@types/use-sync-external-store": {
      "version": "0.0.3",
      "resolved": "https://registry.npmjs.org/@types/use-sync-external-store/-/use-sync-external-store-0.0.3.tgz",
      "integrity": "sha512-EwmlvuaxPNej9+T4v5AuBPJa2x2UOJVdjCtDHgcDqitUeOtjnJKJ+apYjVcAoBEMjKW1VVFGZLUb5+qqa09XFA=="
    },
    "node_modules/@uiw/color-convert": {
      "version": "2.3.0",
      "resolved": "https://registry.npmjs.org/@uiw/color-convert/-/color-convert-2.3.0.tgz",
      "integrity": "sha512-cBkJ6L2vgHlrAnM6XkeLAusOXxl2b+5HsX1URhCSmBzJSshM50hW096kY7ItS5B3CffabZr7Y2+NbJiCWfdaSw==",
      "funding": {
        "url": "https://jaywcjlove.github.io/#/sponsor"
      },
      "peerDependencies": {
        "@babel/runtime": ">=7.19.0"
      }
    },
    "node_modules/@uiw/react-color-wheel": {
      "version": "2.3.0",
      "resolved": "https://registry.npmjs.org/@uiw/react-color-wheel/-/react-color-wheel-2.3.0.tgz",
      "integrity": "sha512-tj3n2993zXKXrwDpaQcxbWO1taqQ0eIaHFdPOKi21APlwbVOq3EizqSjvZa+LIZRS/pWsuSNLTcnLi3fpvI3UA==",
      "dependencies": {
        "@uiw/color-convert": "2.3.0",
        "@uiw/react-drag-event-interactive": "2.3.0"
      },
      "funding": {
        "url": "https://jaywcjlove.github.io/#/sponsor"
      },
      "peerDependencies": {
        "@babel/runtime": ">=7.19.0",
        "react": ">=16.9.0",
        "react-dom": ">=16.9.0"
      }
    },
    "node_modules/@uiw/react-drag-event-interactive": {
      "version": "2.3.0",
      "resolved": "https://registry.npmjs.org/@uiw/react-drag-event-interactive/-/react-drag-event-interactive-2.3.0.tgz",
      "integrity": "sha512-Sk41LadFaUs05172N7Bh3QZgp7T1DWTC7LrtLn6qnnhZjDiPQy8vWX+5JuOkcgMffRf2j79d/ZNii8U9dyLThw==",
      "funding": {
        "url": "https://jaywcjlove.github.io/#/sponsor"
      },
      "peerDependencies": {
        "@babel/runtime": ">=7.19.0",
        "react": ">=16.9.0",
        "react-dom": ">=16.9.0"
      }
    },
    "node_modules/csstype": {
      "version": "3.1.3",
      "resolved": "https://registry.npmjs.org/csstype/-/csstype-3.1.3.tgz",
      "integrity": "sha512-M1uQkMl8rQK/szD0LNhtqxIPLpimGm8sOBwU7lLnCpSbTyY3yeU1Vc7l4KT5zT4s/yOxHH5O7tIuuLOCnLADRw==",
      "devOptional": true
    },
    "node_modules/debug": {
      "version": "4.4.3",
      "resolved": "https://registry.npmjs.org/debug/-/debug-4.4.3.tgz",
      "integrity": "sha512-RGwwWnwQvkVfavKVt22FGLw+xYSdzARwm0ru6DhTVA3umU5hZc28V3kO4stgYryrTlLpuvgI9GiijltAjNbcqA==",
      "license": "MIT",
      "peer": true,
      "dependencies": {
        "ms": "^2.1.3"
      },
      "engines": {
        "node": ">=6.0"
      },
      "peerDependenciesMeta": {
        "supports-color": {
          "optional": true
        }
      }
    },
    "node_modules/engine.io-client": {
      "version": "6.6.4",
      "resolved": "https://registry.npmjs.org/engine.io-client/-/engine.io-client-6.6.4.tgz",
      "integrity": "sha512-+kjUJnZGwzewFDw951CDWcwj35vMNf2fcj7xQWOctq1F2i1jkDdVvdFG9kM/BEChymCH36KgjnW0NsL58JYRxw==",
      "license": "MIT",
      "peer": true,
      "dependencies": {
        "@socket.io/component-emitter": "~3.1.0",
        "debug": "~4.4.1",
        "engine.io-parser": "~5.2.1",
        "ws": "~8.18.3",
        "xmlhttprequest-ssl": "~2.1.1"
      }
    },
    "node_modules/engine.io-parser": {
      "version": "5.2.3",
      "resolved": "https://registry.npmjs.org/engine.io-parser/-/engine.io-parser-5.2.3.tgz",
      "integrity": "sha512-HqD3yTBfnBxIrbnM1DoD6Pcq8NECnh8d4As1Qgh0z5Gg3jRRIqijury0CL3ghu/edArpUYiYqQiDUQBIs4np3Q==",
      "license": "MIT",
      "peer": true,
      "engines": {
        "node": ">=10.0.0"
      }
    },
    "node_modules/immer": {
      "version": "10.1.1",
      "resolved": "https://registry.npmjs.org/immer/-/immer-10.1.1.tgz",
      "integrity": "sha512-s2MPrmjovJcoMaHtx6K11Ra7oD05NT97w1IC5zpMkT6Atjr7H8LjaDd81iIxUYpMKSRRNMJE703M1Fhr/TctHw==",
      "funding": {
        "type": "opencollective",
        "url": "https://opencollective.com/immer"
      }
    },
    "node_modules/js-tokens": {
      "version": "4.0.0",
      "resolved": "https://registry.npmjs.org/js-tokens/-/js-tokens-4.0.0.tgz",
      "integrity": "sha512-RdJUflcE3cUzKiMqQgsCu06FPu9UdIJO0beYbPhHN4k6apgJtifcoCtT9bcxOpYBtpD2kCM6Sbzg4CausW/PKQ=="
    },
    "node_modules/laravel-echo": {
      "version": "2.3.3",
      "resolved": "https://registry.npmjs.org/laravel-echo/-/laravel-echo-2.3.3.tgz",
      "integrity": "sha512-Var2noA9is+ZF3wjfwxWNSRW2kQUDePjJbZGxR4baGfa//a+WtcVm1s8/yRqjvpw3SyAF1tPzFuki+838tq9mA==",
      "license": "MIT",
      "engines": {
        "node": ">=20"
      },
      "peerDependencies": {
        "pusher-js": "*",
        "socket.io-client": "*"
      }
    },
    "node_modules/loose-envify": {
      "version": "1.4.0",
      "resolved": "https://registry.npmjs.org/loose-envify/-/loose-envify-1.4.0.tgz",
      "integrity": "sha512-lyuxPGr/Wfhrlem2CL/UcnUc1zcqKAImBDzukY7Y5F/yQiNdko6+fRLevlw1HgMySw7f611UIY408EtxRSoK3Q==",
      "dependencies": {
        "js-tokens": "^3.0.0 || ^4.0.0"
      },
      "bin": {
        "loose-envify": "cli.js"
      }
    },
    "node_modules/ms": {
      "version": "2.1.3",
      "resolved": "https://registry.npmjs.org/ms/-/ms-2.1.3.tgz",
      "integrity": "sha512-6FlzubTLZG3J2a/NVCAleEhjzq5oxgHyaCU9yYXvcLsvoVaHJq/s5xXI6/XXP6tz7R9xAOtHnSO/tXtF3WRTlA==",
      "license": "MIT",
      "peer": true
    },
    "node_modules/pusher-js": {
      "version": "8.5.0",
      "resolved": "https://registry.npmjs.org/pusher-js/-/pusher-js-8.5.0.tgz",
      "integrity": "sha512-V7uzGi9bqOOOyM/6IkJdpFyjGZj7llz1v0oWnYkZKcYLvbz6VcHVLmzKqkvegjuMumpfIEKGLmWHwFb39XFCpw==",
      "license": "MIT",
      "dependencies": {
        "tweetnacl": "^1.0.3"
      }
    },
    "node_modules/react": {
      "version": "18.3.1",
      "resolved": "https://registry.npmjs.org/react/-/react-18.3.1.tgz",
      "integrity": "sha512-wS+hAgJShR0KhEvPJArfuPVN1+Hz1t0Y6n5jLrGQbkb4urgPE/0Rve+1kMB1v/oWgHgm4WIcV+i7F2pTVj+2iQ==",
      "dependencies": {
        "loose-envify": "^1.1.0"
      },
      "engines": {
        "node": ">=0.10.0"
      }
    },
    "node_modules/react-dom": {
      "version": "18.3.1",
      "resolved": "https://registry.npmjs.org/react-dom/-/react-dom-18.3.1.tgz",
      "integrity": "sha512-5m4nQKp+rZRb09LNH59GM4BxTh9251/ylbKIbpe7TpGxfJ+9kv6BLkLBXIjjspbgbnIBNqlI23tRnTWT0snUIw==",
      "peer": true,
      "dependencies": {
        "loose-envify": "^1.1.0",
        "scheduler": "^0.23.2"
      },
      "peerDependencies": {
        "react": "^18.3.1"
      }
    },
    "node_modules/react-redux": {
      "version": "9.1.2",
      "resolved": "https://registry.npmjs.org/react-redux/-/react-redux-9.1.2.tgz",
      "integrity": "sha512-0OA4dhM1W48l3uzmv6B7TXPCGmokUU4p1M44DGN2/D9a1FjVPukVjER1PcPX97jIg6aUeLq1XJo1IpfbgULn0w==",
      "dependencies": {
        "@types/use-sync-external-store": "^0.0.3",
        "use-sync-external-store": "^1.0.0"
      },
      "peerDependencies": {
        "@types/react": "^18.2.25",
        "react": "^18.0",
        "redux": "^5.0.0"
      },
      "peerDependenciesMeta": {
        "@types/react": {
          "optional": true
        },
        "redux": {
          "optional": true
        }
      }
    },
    "node_modules/react-router": {
      "version": "6.24.1",
      "resolved": "https://registry.npmjs.org/react-router/-/react-router-6.24.1.tgz",
      "integrity": "sha512-PTXFXGK2pyXpHzVo3rR9H7ip4lSPZZc0bHG5CARmj65fTT6qG7sTngmb6lcYu1gf3y/8KxORoy9yn59pGpCnpg==",
      "dependencies": {
        "@remix-run/router": "1.17.1"
      },
      "engines": {
        "node": ">=14.0.0"
      },
      "peerDependencies": {
        "react": ">=16.8"
      }
    },
    "node_modules/react-router-dom": {
      "version": "6.24.1",
      "resolved": "https://registry.npmjs.org/react-router-dom/-/react-router-dom-6.24.1.tgz",
      "integrity": "sha512-U19KtXqooqw967Vw0Qcn5cOvrX5Ejo9ORmOtJMzYWtCT4/WOfFLIZGGsVLxcd9UkBO0mSTZtXqhZBsWlHr7+Sg==",
      "dependencies": {
        "@remix-run/router": "1.17.1",
        "react-router": "6.24.1"
      },
      "engines": {
        "node": ">=14.0.0"
      },
      "peerDependencies": {
        "react": ">=16.8",
        "react-dom": ">=16.8"
      }
    },
    "node_modules/redux": {
      "version": "5.0.1",
      "resolved": "https://registry.npmjs.org/redux/-/redux-5.0.1.tgz",
      "integrity": "sha512-M9/ELqF6fy8FwmkpnF0S3YKOqMyoWJ4+CS5Efg2ct3oY9daQvd/Pc71FpGZsVsbl3Cpb+IIcjBDUnnyBdQbq4w=="
    },
    "node_modules/redux-thunk": {
      "version": "3.1.0",
      "resolved": "https://registry.npmjs.org/redux-thunk/-/redux-thunk-3.1.0.tgz",
      "integrity": "sha512-NW2r5T6ksUKXCabzhL9z+h206HQw/NJkcLm1GPImRQ8IzfXwRGqjVhKJGauHirT0DAuyy6hjdnMZaRoAcy0Klw==",
      "peerDependencies": {
        "redux": "^5.0.0"
      }
    },
    "node_modules/regenerator-runtime": {
      "version": "0.14.1",
      "resolved": "https://registry.npmjs.org/regenerator-runtime/-/regenerator-runtime-0.14.1.tgz",
      "integrity": "sha512-dYnhHh0nJoMfnkZs6GmmhFknAGRrLznOu5nc9ML+EJxGvrx6H7teuevqVqCuPcPK//3eDrrjQhehXVx9cnkGdw=="
    },
    "node_modules/reselect": {
      "version": "5.1.1",
      "resolved": "https://registry.npmjs.org/reselect/-/reselect-5.1.1.tgz",
      "integrity": "sha512-K/BG6eIky/SBpzfHZv/dd+9JBFiS4SWV7FIujVyJRux6e45+73RaUHXLmIR1f7WOMaQ0U1km6qwklRQxpJJY0w=="
    },
    "node_modules/scheduler": {
      "version": "0.23.2",
      "resolved": "https://registry.npmjs.org/scheduler/-/scheduler-0.23.2.tgz",
      "integrity": "sha512-UOShsPwz7NrMUqhR6t0hWjFduvOzbtv7toDH1/hIrfRNIDBnnBWd0CwJTGvTpngVlmwGCdP9/Zl/tVrDqcuYzQ==",
      "peer": true,
      "dependencies": {
        "loose-envify": "^1.1.0"
      }
    },
    "node_modules/socket.io-client": {
      "version": "4.8.3",
      "resolved": "https://registry.npmjs.org/socket.io-client/-/socket.io-client-4.8.3.tgz",
      "integrity": "sha512-uP0bpjWrjQmUt5DTHq9RuoCBdFJF10cdX9X+a368j/Ft0wmaVgxlrjvK3kjvgCODOMMOz9lcaRzxmso0bTWZ/g==",
      "license": "MIT",
      "peer": true,
      "dependencies": {
        "@socket.io/component-emitter": "~3.1.0",
        "debug": "~4.4.1",
        "engine.io-client": "~6.6.1",
        "socket.io-parser": "~4.2.4"
      },
      "engines": {
        "node": ">=10.0.0"
      }
    },
    "node_modules/socket.io-parser": {
      "version": "4.2.6",
      "resolved": "https://registry.npmjs.org/socket.io-parser/-/socket.io-parser-4.2.6.tgz",
      "integrity": "sha512-asJqbVBDsBCJx0pTqw3WfesSY0iRX+2xzWEWzrpcH7L6fLzrhyF8WPI8UaeM4YCuDfpwA/cgsdugMsmtz8EJeg==",
      "license": "MIT",
      "peer": true,
      "dependencies": {
        "@socket.io/component-emitter": "~3.1.0",
        "debug": "~4.4.1"
      },
      "engines": {
        "node": ">=10.0.0"
      }
    },
    "node_modules/tweetnacl": {
      "version": "1.0.3",
      "resolved": "https://registry.npmjs.org/tweetnacl/-/tweetnacl-1.0.3.tgz",
      "integrity": "sha512-6rt+RN7aOi1nGMyC4Xa5DdYiukl2UWCbcJft7YhxReBGQD7OAM8Pbxw6YMo4r2diNEA8FEmu32YOn9rhaiE5yw==",
      "license": "Unlicense"
    },
    "node_modules/typescript": {
      "version": "5.4.5",
      "resolved": "https://registry.npmjs.org/typescript/-/typescript-5.4.5.tgz",
      "integrity": "sha512-vcI4UpRgg81oIRUFwR0WSIHKt11nJ7SAVlYNIu+QpqeyXP+gpQJy/Z4+F0aGxSE4MqwjyXvW/TzgkLAx2AGHwQ==",
      "bin": {
        "tsc": "bin/tsc",
        "tsserver": "bin/tsserver"
      },
      "engines": {
        "node": ">=14.17"
      }
    },
    "node_modules/use-sync-external-store": {
      "version": "1.2.2",
      "resolved": "https://registry.npmjs.org/use-sync-external-store/-/use-sync-external-store-1.2.2.tgz",
      "integrity": "sha512-PElTlVMwpblvbNqQ82d2n6RjStvdSoNe9FG28kNfz3WiXilJm4DdNkEzRhCZuIDwY8U08WVihhGR5iRqAwfDiw==",
      "peerDependencies": {
        "react": "^16.8.0 || ^17.0.0 || ^18.0.0"
      }
    },
    "node_modules/ws": {
      "version": "8.18.3",
      "resolved": "https://registry.npmjs.org/ws/-/ws-8.18.3.tgz",
      "integrity": "sha512-PEIGCY5tSlUt50cqyMXfCzX+oOPqN0vuGqWzbcJ2xvnkzkq46oOpz7dQaTDBdfICb4N14+GARUDw2XV2N4tvzg==",
      "license": "MIT",
      "peer": true,
      "engines": {
        "node": ">=10.0.0"
      },
      "peerDependencies": {
        "bufferutil": "^4.0.1",
        "utf-8-validate": ">=5.0.2"
      },
      "peerDependenciesMeta": {
        "bufferutil": {
          "optional": true
        },
        "utf-8-validate": {
          "optional": true
        }
      }
    },
    "node_modules/xmlhttprequest-ssl": {
      "version": "2.1.2",
      "resolved": "https://registry.npmjs.org/xmlhttprequest-ssl/-/xmlhttprequest-ssl-2.1.2.tgz",
      "integrity": "sha512-TEU+nJVUUnA4CYJFLvK5X9AOeH4KvDvhIfm0vV1GaQRtchnG0hgK5p8hw/xjv8cunWYCsiPCSDzObPyhEwq3KQ==",
      "peer": true,
      "engines": {
        "node": ">=0.4.0"
      }
    }
  },
  "dependencies": {
    "@babel/runtime": {
      "version": "7.24.8",
      "resolved": "https://registry.npmjs.org/@babel/runtime/-/runtime-7.24.8.tgz",
      "integrity": "sha512-5F7SDGs1T72ZczbRwbGO9lQi0NLjQxzl6i4lJxLxfW9U5UluCSyEJeniWvnhl3/euNiqQVbo8zruhsDfid0esA==",
      "requires": {
        "regenerator-runtime": "^0.14.0"
      }
    },
    "@clarion-app/types": {
      "version": "2.0.0",
      "resolved": "https://registry.npmjs.org/@clarion-app/types/-/types-2.0.0.tgz",
      "integrity": "sha512-UbRNZj5aEuCLK0+1jgcN3Y/uVW45qzjyj+hg+oDLBDwcz8rLfykokhXar5sD3KeVFUDK803ePpjbIfE9eWjotA==",
      "requires": {
        "laravel-echo": "^2.1.4",
        "pusher-js": "^8.4.0"
      }
    },
    "@reduxjs/toolkit": {
      "version": "2.2.6",
      "resolved": "https://registry.npmjs.org/@reduxjs/toolkit/-/toolkit-2.2.6.tgz",
      "integrity": "sha512-kH0r495c5z1t0g796eDQAkYbEQ3a1OLYN9o8jQQVZyKyw367pfRGS+qZLkHYvFHiUUdafpoSlQ2QYObIApjPWA==",
      "requires": {
        "immer": "^10.0.3",
        "redux": "^5.0.1",
        "redux-thunk": "^3.1.0",
        "reselect": "^5.1.0"
      }
    },
    "@remix-run/router": {
      "version": "1.17.1",
      "resolved": "https://registry.npmjs.org/@remix-run/router/-/router-1.17.1.tgz",
      "integrity": "sha512-mCOMec4BKd6BRGBZeSnGiIgwsbLGp3yhVqAD8H+PxiRNEHgDpZb8J1TnrSDlg97t0ySKMQJTHCWBCmBpSmkF6Q=="
    },
    "@socket.io/component-emitter": {
      "version": "3.1.2",
      "resolved": "https://registry.npmjs.org/@socket.io/component-emitter/-/component-emitter-3.1.2.tgz",
      "integrity": "sha512-9BCxFwvbGg/RsZK9tjXd8s4UcwR0MWeFQ1XEKIQVVvAGJyINdrqKMcTRyLoK8Rse1GjzLV9cwjWV1olXRWEXVA==",
      "peer": true
    },
    "@types/prop-types": {
      "version": "15.7.12",
      "resolved": "https://registry.npmjs.org/@types/prop-types/-/prop-types-15.7.12.tgz",
      "integrity": "sha512-5zvhXYtRNRluoE/jAp4GVsSduVUzNWKkOZrCDBWYtE7biZywwdC2AcEzg+cSMLFRfVgeAFqpfNabiPjxFddV1Q==",
      "devOptional": true
    },
    "@types/react": {
      "version": "18.3.2",
      "resolved": "https://registry.npmjs.org/@types/react/-/react-18.3.2.tgz",
      "integrity": "sha512-Btgg89dAnqD4vV7R3hlwOxgqobUQKgx3MmrQRi0yYbs/P0ym8XozIAlkqVilPqHQwXs4e9Tf63rrCgl58BcO4w==",
      "devOptional": true,
      "requires": {
        "@types/prop-types": "*",
        "csstype": "^3.0.2"
      }
    },
    "@types/use-sync-external-store": {
      "version": "0.0.3",
      "resolved": "https://registry.npmjs.org/@types/use-sync-external-store/-/use-sync-external-store-0.0.3.tgz",
      "integrity": "sha512-EwmlvuaxPNej9+T4v5AuBPJa2x2UOJVdjCtDHgcDqitUeOtjnJKJ+apYjVcAoBEMjKW1VVFGZLUb5+qqa09XFA=="
    },
    "@uiw/color-convert": {
      "version": "2.3.0",
      "resolved": "https://registry.npmjs.org/@uiw/color-convert/-/color-convert-2.3.0.tgz",
      "integrity": "sha512-cBkJ6L2vgHlrAnM6XkeLAusOXxl2b+5HsX1URhCSmBzJSshM50hW096kY7ItS5B3CffabZr7Y2+NbJiCWfdaSw==",
      "requires": {}
    },
    "@uiw/react-color-wheel": {
      "version": "2.3.0",
      "resolved": "https://registry.npmjs.org/@uiw/react-color-wheel/-/react-color-wheel-2.3.0.tgz",
      "integrity": "sha512-tj3n2993zXKXrwDpaQcxbWO1taqQ0eIaHFdPOKi21APlwbVOq3EizqSjvZa+LIZRS/pWsuSNLTcnLi3fpvI3UA==",
      "requires": {
        "@uiw/color-convert": "2.3.0",
        "@uiw/react-drag-event-interactive": "2.3.0"
      }
    },
    "@uiw/react-drag-event-interactive": {
      "version": "2.3.0",
      "resolved": "https://registry.npmjs.org/@uiw/react-drag-event-interactive/-/react-drag-event-interactive-2.3.0.tgz",
      "integrity": "sha512-Sk41LadFaUs05172N7Bh3QZgp7T1DWTC7LrtLn6qnnhZjDiPQy8vWX+5JuOkcgMffRf2j79d/ZNii8U9dyLThw==",
      "requires": {}
    },
    "csstype": {
      "version": "3.1.3",
      "resolved": "https://registry.npmjs.org/csstype/-/csstype-3.1.3.tgz",
      "integrity": "sha512-M1uQkMl8rQK/szD0LNhtqxIPLpimGm8sOBwU7lLnCpSbTyY3yeU1Vc7l4KT5zT4s/yOxHH5O7tIuuLOCnLADRw==",
      "devOptional": true
    },
    "debug": {
      "version": "4.4.3",
      "resolved": "https://registry.npmjs.org/debug/-/debug-4.4.3.tgz",
      "integrity": "sha512-RGwwWnwQvkVfavKVt22FGLw+xYSdzARwm0ru6DhTVA3umU5hZc28V3kO4stgYryrTlLpuvgI9GiijltAjNbcqA==",
      "peer": true,
      "requires": {
        "ms": "^2.1.3"
      }
    },
    "engine.io-client": {
      "version": "6.6.4",
      "resolved": "https://registry.npmjs.org/engine.io-client/-/engine.io-client-6.6.4.tgz",
      "integrity": "sha512-+kjUJnZGwzewFDw951CDWcwj35vMNf2fcj7xQWOctq1F2i1jkDdVvdFG9kM/BEChymCH36KgjnW0NsL58JYRxw==",
      "peer": true,
      "requires": {
        "@socket.io/component-emitter": "~3.1.0",
        "debug": "~4.4.1",
        "engine.io-parser": "~5.2.1",
        "ws": "~8.18.3",
        "xmlhttprequest-ssl": "~2.1.1"
      }
    },
    "engine.io-parser": {
      "version": "5.2.3",
      "resolved": "https://registry.npmjs.org/engine.io-parser/-/engine.io-parser-5.2.3.tgz",
      "integrity": "sha512-HqD3yTBfnBxIrbnM1DoD6Pcq8NECnh8d4As1Qgh0z5Gg3jRRIqijury0CL3ghu/edArpUYiYqQiDUQBIs4np3Q==",
      "peer": true
    },
    "immer": {
      "version": "10.1.1",
      "resolved": "https://registry.npmjs.org/immer/-/immer-10.1.1.tgz",
      "integrity": "sha512-s2MPrmjovJcoMaHtx6K11Ra7oD05NT97w1IC5zpMkT6Atjr7H8LjaDd81iIxUYpMKSRRNMJE703M1Fhr/TctHw=="
    },
    "js-tokens": {
      "version": "4.0.0",
      "resolved": "https://registry.npmjs.org/js-tokens/-/js-tokens-4.0.0.tgz",
      "integrity": "sha512-RdJUflcE3cUzKiMqQgsCu06FPu9UdIJO0beYbPhHN4k6apgJtifcoCtT9bcxOpYBtpD2kCM6Sbzg4CausW/PKQ=="
    },
    "laravel-echo": {
      "version": "2.3.3",
      "resolved": "https://registry.npmjs.org/laravel-echo/-/laravel-echo-2.3.3.tgz",
      "integrity": "sha512-Var2noA9is+ZF3wjfwxWNSRW2kQUDePjJbZGxR4baGfa//a+WtcVm1s8/yRqjvpw3SyAF1tPzFuki+838tq9mA==",
      "requires": {}
    },
    "loose-envify": {
      "version": "1.4.0",
      "resolved": "https://registry.npmjs.org/loose-envify/-/loose-envify-1.4.0.tgz",
      "integrity": "sha512-lyuxPGr/Wfhrlem2CL/UcnUc1zcqKAImBDzukY7Y5F/yQiNdko6+fRLevlw1HgMySw7f611UIY408EtxRSoK3Q==",
      "requires": {
        "js-tokens": "^3.0.0 || ^4.0.0"
      }
    },
    "ms": {
      "version": "2.1.3",
      "resolved": "https://registry.npmjs.org/ms/-/ms-2.1.3.tgz",
      "integrity": "sha512-6FlzubTLZG3J2a/NVCAleEhjzq5oxgHyaCU9yYXvcLsvoVaHJq/s5xXI6/XXP6tz7R9xAOtHnSO/tXtF3WRTlA==",
      "peer": true
    },
    "pusher-js": {
      "version": "8.5.0",
      "resolved": "https://registry.npmjs.org/pusher-js/-/pusher-js-8.5.0.tgz",
      "integrity": "sha512-V7uzGi9bqOOOyM/6IkJdpFyjGZj7llz1v0oWnYkZKcYLvbz6VcHVLmzKqkvegjuMumpfIEKGLmWHwFb39XFCpw==",
      "requires": {
        "tweetnacl": "^1.0.3"
      }
    },
    "react": {
      "version": "18.3.1",
      "resolved": "https://registry.npmjs.org/react/-/react-18.3.1.tgz",
      "integrity": "sha512-wS+hAgJShR0KhEvPJArfuPVN1+Hz1t0Y6n5jLrGQbkb4urgPE/0Rve+1kMB1v/oWgHgm4WIcV+i7F2pTVj+2iQ==",
      "requires": {
        "loose-envify": "^1.1.0"
      }
    },
    "react-dom": {
      "version": "18.3.1",
      "resolved": "https://registry.npmjs.org/react-dom/-/react-dom-18.3.1.tgz",
      "integrity": "sha512-5m4nQKp+rZRb09LNH59GM4BxTh9251/ylbKIbpe7TpGxfJ+9kv6BLkLBXIjjspbgbnIBNqlI23tRnTWT0snUIw==",
      "peer": true,
      "requires": {
        "loose-envify": "^1.1.0",
        "scheduler": "^0.23.2"
      }
    },
    "react-redux": {
      "version": "9.1.2",
      "resolved": "https://registry.npmjs.org/react-redux/-/react-redux-9.1.2.tgz",
      "integrity": "sha512-0OA4dhM1W48l3uzmv6B7TXPCGmokUU4p1M44DGN2/D9a1FjVPukVjER1PcPX97jIg6aUeLq1XJo1IpfbgULn0w==",
      "requires": {
        "@types/use-sync-external-store": "^0.0.3",
        "use-sync-external-store": "^1.0.0"
      }
    },
    "react-router": {
      "version": "6.24.1",
      "resolved": "https://registry.npmjs.org/react-router/-/react-router-6.24.1.tgz",
      "integrity": "sha512-PTXFXGK2pyXpHzVo3rR9H7ip4lSPZZc0bHG5CARmj65fTT6qG7sTngmb6lcYu1gf3y/8KxORoy9yn59pGpCnpg==",
      "requires": {
        "@remix-run/router": "1.17.1"
      }
    },
    "react-router-dom": {
      "version": "6.24.1",
      "resolved": "https://registry.npmjs.org/react-router-dom/-/react-router-dom-6.24.1.tgz",
      "integrity": "sha512-U19KtXqooqw967Vw0Qcn5cOvrX5Ejo9ORmOtJMzYWtCT4/WOfFLIZGGsVLxcd9UkBO0mSTZtXqhZBsWlHr7+Sg==",
      "requires": {
        "@remix-run/router": "1.17.1",
        "react-router": "6.24.1"
      }
    },
    "redux": {
      "version": "5.0.1",
      "resolved": "https://registry.npmjs.org/redux/-/redux-5.0.1.tgz",
      "integrity": "sha512-M9/ELqF6fy8FwmkpnF0S3YKOqMyoWJ4+CS5Efg2ct3oY9daQvd/Pc71FpGZsVsbl3Cpb+IIcjBDUnnyBdQbq4w=="
    },
    "redux-thunk": {
      "version": "3.1.0",
      "resolved": "https://registry.npmjs.org/redux-thunk/-/redux-thunk-3.1.0.tgz",
      "integrity": "sha512-NW2r5T6ksUKXCabzhL9z+h206HQw/NJkcLm1GPImRQ8IzfXwRGqjVhKJGauHirT0DAuyy6hjdnMZaRoAcy0Klw==",
      "requires": {}
    },
    "regenerator-runtime": {
      "version": "0.14.1",
      "resolved": "https://registry.npmjs.org/regenerator-runtime/-/regenerator-runtime-0.14.1.tgz",
      "integrity": "sha512-dYnhHh0nJoMfnkZs6GmmhFknAGRrLznOu5nc9ML+EJxGvrx6H7teuevqVqCuPcPK//3eDrrjQhehXVx9cnkGdw=="
    },
    "reselect": {
      "version": "5.1.1",
      "resolved": "https://registry.npmjs.org/reselect/-/reselect-5.1.1.tgz",
      "integrity": "sha512-K/BG6eIky/SBpzfHZv/dd+9JBFiS4SWV7FIujVyJRux6e45+73RaUHXLmIR1f7WOMaQ0U1km6qwklRQxpJJY0w=="
    },
    "scheduler": {
      "version": "0.23.2",
      "resolved": "https://registry.npmjs.org/scheduler/-/scheduler-0.23.2.tgz",
      "integrity": "sha512-UOShsPwz7NrMUqhR6t0hWjFduvOzbtv7toDH1/hIrfRNIDBnnBWd0CwJTGvTpngVlmwGCdP9/Zl/tVrDqcuYzQ==",
      "peer": true,
      "requires": {
        "loose-envify": "^1.1.0"
      }
    },
    "socket.io-client": {
      "version": "4.8.3",
      "resolved": "https://registry.npmjs.org/socket.io-client/-/socket.io-client-4.8.3.tgz",
      "integrity": "sha512-uP0bpjWrjQmUt5DTHq9RuoCBdFJF10cdX9X+a368j/Ft0wmaVgxlrjvK3kjvgCODOMMOz9lcaRzxmso0bTWZ/g==",
      "peer": true,
      "requires": {
        "@socket.io/component-emitter": "~3.1.0",
        "debug": "~4.4.1",
        "engine.io-client": "~6.6.1",
        "socket.io-parser": "~4.2.4"
      }
    },
    "socket.io-parser": {
      "version": "4.2.6",
      "resolved": "https://registry.npmjs.org/socket.io-parser/-/socket.io-parser-4.2.6.tgz",
      "integrity": "sha512-asJqbVBDsBCJx0pTqw3WfesSY0iRX+2xzWEWzrpcH7L6fLzrhyF8WPI8UaeM4YCuDfpwA/cgsdugMsmtz8EJeg==",
      "peer": true,
      "requires": {
        "@socket.io/component-emitter": "~3.1.0",
        "debug": "~4.4.1"
      }
    },
    "tweetnacl": {
      "version": "1.0.3",
      "resolved": "https://registry.npmjs.org/tweetnacl/-/tweetnacl-1.0.3.tgz",
      "integrity": "sha512-6rt+RN7aOi1nGMyC4Xa5DdYiukl2UWCbcJft7YhxReBGQD7OAM8Pbxw6YMo4r2diNEA8FEmu32YOn9rhaiE5yw=="
    },
    "typescript": {
      "version": "5.4.5",
      "resolved": "https://registry.npmjs.org/typescript/-/typescript-5.4.5.tgz",
      "integrity": "sha512-vcI4UpRgg81oIRUFwR0WSIHKt11nJ7SAVlYNIu+QpqeyXP+gpQJy/Z4+F0aGxSE4MqwjyXvW/TzgkLAx2AGHwQ=="
    },
    "use-sync-external-store": {
      "version": "1.2.2",
      "resolved": "https://registry.npmjs.org/use-sync-external-store/-/use-sync-external-store-1.2.2.tgz",
      "integrity": "sha512-PElTlVMwpblvbNqQ82d2n6RjStvdSoNe9FG28kNfz3WiXilJm4DdNkEzRhCZuIDwY8U08WVihhGR5iRqAwfDiw==",
      "requires": {}
    },
    "ws": {
      "version": "8.18.3",
      "resolved": "https://registry.npmjs.org/ws/-/ws-8.18.3.tgz",
      "integrity": "sha512-PEIGCY5tSlUt50cqyMXfCzX+oOPqN0vuGqWzbcJ2xvnkzkq46oOpz7dQaTDBdfICb4N14+GARUDw2XV2N4tvzg==",
      "peer": true,
      "requires": {}
    },
    "xmlhttprequest-ssl": {
      "version": "2.1.2",
      "resolved": "https://registry.npmjs.org/xmlhttprequest-ssl/-/xmlhttprequest-ssl-2.1.2.tgz",
      "integrity": "sha512-TEU+nJVUUnA4CYJFLvK5X9AOeH4KvDvhIfm0vV1GaQRtchnG0hgK5p8hw/xjv8cunWYCsiPCSDzObPyhEwq3KQ==",
      "peer": true
    }
  }
}
